
Microsoft Visual Studio Solution File, Format Version 12.00
# Visual Studio Version 17
VisualStudioVersion = 17.0.31919.166
MinimumVisualStudioVersion = 10.0.40219.1
Project("{9A19103F-16F7-4668-BE54-9A1E7A4F7556}") = "assessment", "assessment.csproj", "{AC8C55DD-F434-4C3E-82DB-B3CA1E50A974}"
EndProject
Project("{9A19103F-16F7-4668-BE54-9A1E7A4F7556}") = "Contracts", "..\Contracts\Contracts.csproj", "{B2FF315A-B058-4F47-A1B3-0A7EF2906E5F}"
EndProject
Project("{9A19103F-16F7-4668-BE54-9A1E7A4F7556}") = "LoggerService", "..\LoggerService\LoggerService.csproj", "{5A6AD4E1-5572-46FC-A5CF-4CFF7C710D24}"
EndProject
Project("{9A19103F-16F7-4668-BE54-9A1E7A4F7556}") = "Entities", "..\Entities\Entities.csproj", "{EA5A594C-012F-46DC-B442-A3F6D30C9626}"
EndProject
Project("{9A19103F-16F7-4668-BE54-9A1E7A4F7556}") = "Repository", "..\Repository\Repository.csproj", "{28D05102-015C-406A-AAD9-EA763F27D6FE}"
EndProject
Project("{FAE04EC0-301F-11D3-BF4B-00C04F79EFBC}") = "Tests", "..\Tests\Tests.csproj", "{331A27E2-42B9-4A3C-B35A-0076228B9F1B}"
EndProject
Global
	GlobalSection(SolutionConfigurationPlatforms) = preSolution
		Debug|Any CPU = Debug|Any CPU
		Release|Any CPU = Release|Any CPU
	EndGlobalSection
	GlobalSection(ProjectConfigurationPlatforms) = postSolution
		{AC8C55DD-F434-4C3E-82DB-B3CA1E50A974}.Debug|Any CPU.ActiveCfg = Debug|Any CPU
		{AC8C55DD-F434-4C3E-82DB-B3CA1E50A974}.Debug|Any CPU.Build.0 = Debug|Any CPU
		{AC8C55DD-F434-4C3E-82DB-B3CA1E50A974}.Release|Any CPU.ActiveCfg = Release|Any CPU
		{AC8C55DD-F434-4C3E-82DB-B3CA1E50A974}.Release|Any CPU.Build.0 = Release|Any CPU
		{B2FF315A-B058-4F47-A1B3-0A7EF2906E5F}.Debug|Any CPU.ActiveCfg = Debug|Any CPU
		{B2FF315A-B058-4F47-A1B3-0A7EF2906E5F}.Debug|Any CPU.Build.0 = Debug|Any CPU
		{B2FF315A-B058-4F47-A1B3-0A7EF2906E5F}.Release|Any CPU.ActiveCfg = Release|Any CPU
		{B2FF315A-B058-4F47-A1B3-0A7EF2906E5F}.Release|Any CPU.Build.0 = Release|Any CPU
		{5A6AD4E1-5572-46FC-A5CF-4CFF7C710D24}.Debug|Any CPU.ActiveCfg = Debug|Any CPU
		{5A6AD4E1-5572-46FC-A5CF-4CFF7C710D24}.Debug|Any CPU.Build.0 = Debug|Any CPU
		{5A6AD4E1-5572-46FC-A5CF-4CFF7C710D24}.Release|Any CPU.ActiveCfg = Release|Any CPU
		{5A6AD4E1-5572-46FC-A5CF-4CFF7C710D24}.Release|Any CPU.Build.0 = Release|Any CPU
		{EA5A594C-012F-46DC-B442-A3F6D30C9626}.Debug|Any CPU.ActiveCfg = Debug|Any CPU
		{EA5A594C-012F-46DC-B442-A3F6D30C9626}.Debug|Any CPU.Build.0 = Debug|Any CPU
		{EA5A594C-012F-46DC-B442-A3F6D30C9626}.Release|Any CPU.ActiveCfg = Release|Any CPU
		{EA5A594C-012F-46DC-B442-A3F6D30C9626}.Release|Any CPU.Build.0 = Release|Any CPU
		{28D05102-015C-406A-AAD9-EA763F27D6FE}.Debug|Any CPU.ActiveCfg = Debug|Any CPU
		{28D05102-015C-406A-AAD9-EA763F27D6FE}.Debug|Any CPU.Build.0 = Debug|Any CPU
		{28D05102-015C-406A-AAD9-EA763F27D6FE}.Release|Any CPU.ActiveCfg = Release|Any CPU
		{28D05102-015C-406A-AAD9-EA763F27D6FE}.Release|Any CPU.Build.0 = Release|Any CPU
		{331A27E2-42B9-4A3C-B35A-0076228B9F1B}.Debug|Any CPU.ActiveCfg = Debug|Any CPU
		{331A27E2-42B9-4A3C-B35A-0076228B9F1B}.Debug|Any CPU.Build.0 = Debug|Any CPU
		{331A27E2-42B9-4A3C-B35A-0076228B9F1B}.Release|Any CPU.ActiveCfg = Release|Any CPU
		{331A27E2-42B9-4A3C-B35A-0076228B9F1B}.Release|Any CPU.Build.0 = Release|Any CPU
	EndGlobalSection
	GlobalSection(SolutionProperties) = preSolution
		HideSolutionNode = FALSE
	EndGlobalSection
	GlobalSection(ExtensibilityGlobals) = postSolution
		SolutionGuid = {D8680131-67F7-433B-9730-584365424046}
	EndGlobalSection
EndGlobal
